
Microsoft Visual Studio Solution File, Format Version 12.00
# Visual Studio Version 16
VisualStudioVersion = 16.0.31313.79
MinimumVisualStudioVersion = 10.0.40219.1
Project("{FAE04EC0-301F-11D3-BF4B-00C04F79EFBC}") = "CSharpCrawler", "CSharpCrawler\CSharpCrawler.csproj", "{59E9F9D8-9714-4446-A2CC-593D47BD0F4E}"
EndProject
Global
	GlobalSection(SolutionConfigurationPlatforms) = preSolution
		Debug|Any CPU = Debug|Any CPU
		Release|Any CPU = Release|Any CPU
	EndGlobalSection
	GlobalSection(ProjectConfigurationPlatforms) = postSolution
		{59E9F9D8-9714-4446-A2CC-593D47BD0F4E}.Debug|Any CPU.ActiveCfg = Debug|Any CPU
		{59E9F9D8-9714-4446-A2CC-593D47BD0F4E}.Debug|Any CPU.Build.0 = Debug|Any CPU
		{59E9F9D8-9714-4446-A2CC-593D47BD0F4E}.Release|Any CPU.ActiveCfg = Release|Any CPU
		{59E9F9D8-9714-4446-A2CC-593D47BD0F4E}.Release|Any CPU.Build.0 = Release|Any CPU
	EndGlobalSection
	GlobalSection(SolutionProperties) = preSolution
		HideSolutionNode = FALSE
	EndGlobalSection
	GlobalSection(ExtensibilityGlobals) = postSolution
		SolutionGuid = {F27B745F-E42F-4072-A731-9ACC02867625}
	EndGlobalSection
EndGlobal
